
Microsoft Visual Studio Solution File, Format Version 12.00
# Visual Studio Version 17
VisualStudioVersion = 17.0.31903.59
MinimumVisualStudioVersion = 10.0.40219.1
Project("{FAE04EC0-301F-11D3-BF4B-00C04F79EFBC}") = "Callspire.Core", "Callspire.Core\Callspire.Core.csproj", "{5415073E-F57E-4366-ABFF-3A3CC4D3DCCE}"
EndProject
Project("{FAE04EC0-301F-11D3-BF4B-00C04F79EFBC}") = "Callspire.Desktop", "Callspire.Desktop\Callspire.Desktop.csproj", "{25FA4DF8-3A5E-4994-96E9-D7F85560EF81}"
EndProject
Project("{FAE04EC0-301F-11D3-BF4B-00C04F79EFBC}") = "Callspire.AppHost", "Callspire.AppHost\Callspire.AppHost.csproj", "{48B6DEC9-0556-4D77-98F4-D502E3E8FBE5}"
EndProject
Project("{FAE04EC0-301F-11D3-BF4B-00C04F79EFBC}") = "Callspire.Service", "Callspire.Service\Callspire.Service.csproj", "{6B311FA4-489A-4D7E-995D-53C3E2B188AD}"
EndProject
Global
	GlobalSection(SolutionConfigurationPlatforms) = preSolution
		Debug|Any CPU = Debug|Any CPU
		Debug|x64 = Debug|x64
		Debug|x86 = Debug|x86
		Release|Any CPU = Release|Any CPU
		Release|x64 = Release|x64
		Release|x86 = Release|x86
	EndGlobalSection
	GlobalSection(ProjectConfigurationPlatforms) = postSolution
		{5415073E-F57E-4366-ABFF-3A3CC4D3DCCE}.Debug|Any CPU.ActiveCfg = Debug|Any CPU
		{5415073E-F57E-4366-ABFF-3A3CC4D3DCCE}.Debug|Any CPU.Build.0 = Debug|Any CPU
		{5415073E-F57E-4366-ABFF-3A3CC4D3DCCE}.Debug|x64.ActiveCfg = Debug|Any CPU
		{5415073E-F57E-4366-ABFF-3A3CC4D3DCCE}.Debug|x64.Build.0 = Debug|Any CPU
		{5415073E-F57E-4366-ABFF-3A3CC4D3DCCE}.Debug|x86.ActiveCfg = Debug|Any CPU
		{5415073E-F57E-4366-ABFF-3A3CC4D3DCCE}.Debug|x86.Build.0 = Debug|Any CPU
		{5415073E-F57E-4366-ABFF-3A3CC4D3DCCE}.Release|Any CPU.ActiveCfg = Release|Any CPU
		{5415073E-F57E-4366-ABFF-3A3CC4D3DCCE}.Release|Any CPU.Build.0 = Release|Any CPU
		{5415073E-F57E-4366-ABFF-3A3CC4D3DCCE}.Release|x64.ActiveCfg = Release|Any CPU
		{5415073E-F57E-4366-ABFF-3A3CC4D3DCCE}.Release|x64.Build.0 = Release|Any CPU
		{5415073E-F57E-4366-ABFF-3A3CC4D3DCCE}.Release|x86.ActiveCfg = Release|Any CPU
		{5415073E-F57E-4366-ABFF-3A3CC4D3DCCE}.Release|x86.Build.0 = Release|Any CPU
		{25FA4DF8-3A5E-4994-96E9-D7F85560EF81}.Debug|Any CPU.ActiveCfg = Debug|Any CPU
		{25FA4DF8-3A5E-4994-96E9-D7F85560EF81}.Debug|Any CPU.Build.0 = Debug|Any CPU
		{25FA4DF8-3A5E-4994-96E9-D7F85560EF81}.Debug|x64.ActiveCfg = Debug|Any CPU
		{25FA4DF8-3A5E-4994-96E9-D7F85560EF81}.Debug|x64.Build.0 = Debug|Any CPU
		{25FA4DF8-3A5E-4994-96E9-D7F85560EF81}.Debug|x86.ActiveCfg = Debug|Any CPU
		{25FA4DF8-3A5E-4994-96E9-D7F85560EF81}.Debug|x86.Build.0 = Debug|Any CPU
		{25FA4DF8-3A5E-4994-96E9-D7F85560EF81}.Release|Any CPU.ActiveCfg = Release|Any CPU
		{25FA4DF8-3A5E-4994-96E9-D7F85560EF81}.Release|Any CPU.Build.0 = Release|Any CPU
		{25FA4DF8-3A5E-4994-96E9-D7F85560EF81}.Release|x64.ActiveCfg = Release|Any CPU
		{25FA4DF8-3A5E-4994-96E9-D7F85560EF81}.Release|x64.Build.0 = Release|Any CPU
		{25FA4DF8-3A5E-4994-96E9-D7F85560EF81}.Release|x86.ActiveCfg = Release|Any CPU
		{25FA4DF8-3A5E-4994-96E9-D7F85560EF81}.Release|x86.Build.0 = Release|Any CPU
		{48B6DEC9-0556-4D77-98F4-D502E3E8FBE5}.Debug|Any CPU.ActiveCfg = Debug|Any CPU
		{48B6DEC9-0556-4D77-98F4-D502E3E8FBE5}.Debug|Any CPU.Build.0 = Debug|Any CPU
		{48B6DEC9-0556-4D77-98F4-D502E3E8FBE5}.Debug|x64.ActiveCfg = Debug|Any CPU
		{48B6DEC9-0556-4D77-98F4-D502E3E8FBE5}.Debug|x64.Build.0 = Debug|Any CPU
		{48B6DEC9-0556-4D77-98F4-D502E3E8FBE5}.Debug|x86.ActiveCfg = Debug|Any CPU
		{48B6DEC9-0556-4D77-98F4-D502E3E8FBE5}.Debug|x86.Build.0 = Debug|Any CPU
		{48B6DEC9-0556-4D77-98F4-D502E3E8FBE5}.Release|Any CPU.ActiveCfg = Release|Any CPU
		{48B6DEC9-0556-4D77-98F4-D502E3E8FBE5}.Release|Any CPU.Build.0 = Release|Any CPU
		{48B6DEC9-0556-4D77-98F4-D502E3E8FBE5}.Release|x64.ActiveCfg = Release|Any CPU
		{48B6DEC9-0556-4D77-98F4-D502E3E8FBE5}.Release|x64.Build.0 = Release|Any CPU
		{48B6DEC9-0556-4D77-98F4-D502E3E8FBE5}.Release|x86.ActiveCfg = Release|Any CPU
		{48B6DEC9-0556-4D77-98F4-D502E3E8FBE5}.Release|x86.Build.0 = Release|Any CPU
		{6B311FA4-489A-4D7E-995D-53C3E2B188AD}.Debug|Any CPU.ActiveCfg = Debug|Any CPU
		{6B311FA4-489A-4D7E-995D-53C3E2B188AD}.Debug|Any CPU.Build.0 = Debug|Any CPU
		{6B311FA4-489A-4D7E-995D-53C3E2B188AD}.Debug|x64.ActiveCfg = Debug|Any CPU
		{6B311FA4-489A-4D7E-995D-53C3E2B188AD}.Debug|x64.Build.0 = Debug|Any CPU
		{6B311FA4-489A-4D7E-995D-53C3E2B188AD}.Debug|x86.ActiveCfg = Debug|Any CPU
		{6B311FA4-489A-4D7E-995D-53C3E2B188AD}.Debug|x86.Build.0 = Debug|Any CPU
		{6B311FA4-489A-4D7E-995D-53C3E2B188AD}.Release|Any CPU.ActiveCfg = Release|Any CPU
		{6B311FA4-489A-4D7E-995D-53C3E2B188AD}.Release|Any CPU.Build.0 = Release|Any CPU
		{6B311FA4-489A-4D7E-995D-53C3E2B188AD}.Release|x64.ActiveCfg = Release|Any CPU
		{6B311FA4-489A-4D7E-995D-53C3E2B188AD}.Release|x64.Build.0 = Release|Any CPU
		{6B311FA4-489A-4D7E-995D-53C3E2B188AD}.Release|x86.ActiveCfg = Release|Any CPU
		{6B311FA4-489A-4D7E-995D-53C3E2B188AD}.Release|x86.Build.0 = Release|Any CPU
	EndGlobalSection
	GlobalSection(SolutionProperties) = preSolution
		HideSolutionNode = FALSE
	EndGlobalSection
EndGlobal
